<Solution>
    <Project Path="ProjectManagement.Components/ProjectManagement.Components.csproj"/>
    <Project Path="ProjectManagement.Core/ProjectManagement.Core.csproj"/>
    <Project Path="ProjectManagement.Services/ProjectManagement.Services.csproj"/>
    <Project Path="ProjectManagement.Wasm/ProjectManagement.Wasm.csproj"/>
</Solution>
